<?xml version="1.0" encoding="utf-8"?>
<Project ToolsVersion="4.0" xmlns="http://schemas.microsoft.com/developer/msbuild/2003">
  <ItemGroup>
    <Filter Include="src">
      <UniqueIdentifier>{2DAB880B-99B4-887C-2230-9F7C8E38947C}</UniqueIdentifier>
    </Filter>
    <Filter Include="src\EngineCore">
      <UniqueIdentifier>{BB7E073A-A74C-FB3F-90E0-6B667C4DD7A4}</UniqueIdentifier>
    </Filter>
    <Filter Include="src\EngineCore\Subsystems">
      <UniqueIdentifier>{EC44F341-5807-27CC-A1B7-B5580DB9FFA9}</UniqueIdentifier>
    </Filter>
    <Filter Include="src\EngineCore\Subsystems\GUI">
      <UniqueIdentifier>{00DABEE2-6CF2-A50C-359F-35A6A1763AA6}</UniqueIdentifier>
    </Filter>
    <Filter Include="src\EngineCore\Subsystems\Renderer">
      <UniqueIdentifier>{12D22822-FE0D-2C8C-6720-4483537BD4A6}</UniqueIdentifier>
    </Filter>
    <Filter Include="src\EngineCore\Subsystems\Renderer\OpenGL">
      <UniqueIdentifier>{0633C6A4-724D-2946-BB6F-39DA27C9504D}</UniqueIdentifier>
    </Filter>
    <Filter Include="src\EngineCore\Subsystems\ResourceManager">
      <UniqueIdentifier>{FE85BAE8-6AA0-1D8A-B3C2-2D1E1F1C4591}</UniqueIdentifier>
    </Filter>
    <Filter Include="vendor">
      <UniqueIdentifier>{B3738122-9F15-ACF8-88D0-BF4C74113349}</UniqueIdentifier>
    </Filter>
    <Filter Include="vendor\GLAD">
      <UniqueIdentifier>{1A7667C1-862B-E0B6-0F20-DA8D7BD4D6BA}</UniqueIdentifier>
    </Filter>
    <Filter Include="vendor\GLAD\src">
      <UniqueIdentifier>{31B12476-9D3C-923A-A64D-152F1258EE3A}</UniqueIdentifier>
    </Filter>
  </ItemGroup>
  <ItemGroup>
    <ClInclude Include="src\EngineCore\Engine.h">
      <Filter>src\EngineCore</Filter>
    </ClInclude>
    <ClInclude Include="src\EngineCore\Subsystems\EntityManager.h">
      <Filter>src\EngineCore\Subsystems</Filter>
    </ClInclude>
    <ClInclude Include="src\EngineCore\Subsystems\GUI\GUI.h">
      <Filter>src\EngineCore\Subsystems\GUI</Filter>
    </ClInclude>
    <ClInclude Include="src\EngineCore\Subsystems\Renderer\OpenGL\EditorCamera.h">
      <Filter>src\EngineCore\Subsystems\Renderer\OpenGL</Filter>
    </ClInclude>
    <ClInclude Include="src\EngineCore\Subsystems\Renderer\OpenGL\Image.h">
      <Filter>src\EngineCore\Subsystems\Renderer\OpenGL</Filter>
    </ClInclude>
    <ClInclude Include="src\EngineCore\Subsystems\Renderer\OpenGL\OpenGLCore.h">
      <Filter>src\EngineCore\Subsystems\Renderer\OpenGL</Filter>
    </ClInclude>
    <ClInclude Include="src\EngineCore\Subsystems\Renderer\OpenGL\Primitives.h">
      <Filter>src\EngineCore\Subsystems\Renderer\OpenGL</Filter>
    </ClInclude>
    <ClInclude Include="src\EngineCore\Subsystems\Renderer\OpenGL\Shader.h">
      <Filter>src\EngineCore\Subsystems\Renderer\OpenGL</Filter>
    </ClInclude>
    <ClInclude Include="src\EngineCore\Subsystems\Renderer\OpenGL\Texture.h">
      <Filter>src\EngineCore\Subsystems\Renderer\OpenGL</Filter>
    </ClInclude>
    <ClInclude Include="src\EngineCore\Subsystems\Renderer\OpenGL\VertexArrayObject.h">
      <Filter>src\EngineCore\Subsystems\Renderer\OpenGL</Filter>
    </ClInclude>
    <ClInclude Include="src\EngineCore\Subsystems\Renderer\OpenGL\stb_image.h">
      <Filter>src\EngineCore\Subsystems\Renderer\OpenGL</Filter>
    </ClInclude>
    <ClInclude Include="src\EngineCore\Subsystems\Renderer\Renderer.h">
      <Filter>src\EngineCore\Subsystems\Renderer</Filter>
    </ClInclude>
    <ClInclude Include="src\EngineCore\Subsystems\ResourceManager\ResourceManager.h">
      <Filter>src\EngineCore\Subsystems\ResourceManager</Filter>
    </ClInclude>
    <ClInclude Include="src\EngineCore\Subsystems\Serializer.h">
      <Filter>src\EngineCore\Subsystems</Filter>
    </ClInclude>
    <ClInclude Include="src\Utils.h">
      <Filter>src\EngineCore</Filter>
    </ClInclude>
    <ClInclude Include="src\Debug.h" />
    <ClInclude Include="src\EngineCore\Subsystems\InputManager.h" />
  </ItemGroup>
  <ItemGroup>
    <ClCompile Include="..\vendor\GLAD\src\glad.c">
      <Filter>vendor\GLAD\src</Filter>
    </ClCompile>
    <ClCompile Include="src\EngineCore\Engine.cpp">
      <Filter>src\EngineCore</Filter>
    </ClCompile>
    <ClCompile Include="src\EngineCore\Subsystems\EntityManager.cpp">
      <Filter>src\EngineCore\Subsystems</Filter>
    </ClCompile>
    <ClCompile Include="src\EngineCore\Subsystems\GUI\GUI.cpp">
      <Filter>src\EngineCore\Subsystems\GUI</Filter>
    </ClCompile>
    <ClCompile Include="src\EngineCore\Subsystems\Renderer\OpenGL\EditorCamera.cpp">
      <Filter>src\EngineCore\Subsystems\Renderer\OpenGL</Filter>
    </ClCompile>
    <ClCompile Include="src\EngineCore\Subsystems\Renderer\OpenGL\Primitives.cpp">
      <Filter>src\EngineCore\Subsystems\Renderer\OpenGL</Filter>
    </ClCompile>
    <ClCompile Include="src\EngineCore\Subsystems\Renderer\OpenGL\Shader.cpp">
      <Filter>src\EngineCore\Subsystems\Renderer\OpenGL</Filter>
    </ClCompile>
    <ClCompile Include="src\EngineCore\Subsystems\Renderer\OpenGL\Texture.cpp">
      <Filter>src\EngineCore\Subsystems\Renderer\OpenGL</Filter>
    </ClCompile>
    <ClCompile Include="src\EngineCore\Subsystems\Renderer\OpenGL\VertexArrayObject.cpp">
      <Filter>src\EngineCore\Subsystems\Renderer\OpenGL</Filter>
    </ClCompile>
    <ClCompile Include="src\EngineCore\Subsystems\Renderer\Renderer.cpp">
      <Filter>src\EngineCore\Subsystems\Renderer</Filter>
    </ClCompile>
    <ClCompile Include="src\EngineCore\Subsystems\ResourceManager\ResourceManager.cpp">
      <Filter>src\EngineCore\Subsystems\ResourceManager</Filter>
    </ClCompile>
    <ClCompile Include="src\EngineCore\main.cpp">
      <Filter>src\EngineCore</Filter>
    </ClCompile>
    <ClCompile Include="src\Utils.cpp">
      <Filter>src\EngineCore</Filter>
    </ClCompile>
    <ClCompile Include="src\Debug.cpp" />
    <ClCompile Include="src\EngineCore\Subsystems\Serializer.cpp" />
    <ClCompile Include="src\EngineCore\Subsystems\InputManager.cpp" />
  </ItemGroup>
</Project>